
Microsoft Visual Studio Solution File, Format Version 12.00
# Visual Studio Version 17
VisualStudioVersion = 17.10.35122.118
MinimumVisualStudioVersion = 10.0.40219.1
Project("{FAE04EC0-301F-11D3-BF4B-00C04F79EFBC}") = "Ex01_01", "Ex01_01\Ex01_01.csproj", "{991B43F5-2631-46C2-9EC6-207F1799B36B}"
EndProject
Project("{FAE04EC0-301F-11D3-BF4B-00C04F79EFBC}") = "Ex01_02", "Ex01_02\Ex01_02.csproj", "{0630E18C-FF8A-450A-9721-90FD467CBCF4}"
EndProject
Project("{FAE04EC0-301F-11D3-BF4B-00C04F79EFBC}") = "Ex01_03", "Ex01_03\Ex01_03.csproj", "{E6EE8A43-2B05-44A6-8FFC-091BFD198D69}"
EndProject
Project("{FAE04EC0-301F-11D3-BF4B-00C04F79EFBC}") = "Ex01_04", "Ex01_04\Ex01_04.csproj", "{9455C753-95CE-4A03-80FD-4D2C69C9F330}"
EndProject
Project("{FAE04EC0-301F-11D3-BF4B-00C04F79EFBC}") = "Ex01_05", "Ex01_05\Ex01_05.csproj", "{4BC4FFA9-A8FE-48CD-92E9-080D5B321BD0}"
EndProject
Global
	GlobalSection(SolutionConfigurationPlatforms) = preSolution
		Debug|Any CPU = Debug|Any CPU
		Release|Any CPU = Release|Any CPU
	EndGlobalSection
	GlobalSection(ProjectConfigurationPlatforms) = postSolution
		{991B43F5-2631-46C2-9EC6-207F1799B36B}.Debug|Any CPU.ActiveCfg = Debug|Any CPU
		{991B43F5-2631-46C2-9EC6-207F1799B36B}.Debug|Any CPU.Build.0 = Debug|Any CPU
		{991B43F5-2631-46C2-9EC6-207F1799B36B}.Release|Any CPU.ActiveCfg = Release|Any CPU
		{991B43F5-2631-46C2-9EC6-207F1799B36B}.Release|Any CPU.Build.0 = Release|Any CPU
		{0630E18C-FF8A-450A-9721-90FD467CBCF4}.Debug|Any CPU.ActiveCfg = Debug|Any CPU
		{0630E18C-FF8A-450A-9721-90FD467CBCF4}.Debug|Any CPU.Build.0 = Debug|Any CPU
		{0630E18C-FF8A-450A-9721-90FD467CBCF4}.Release|Any CPU.ActiveCfg = Release|Any CPU
		{0630E18C-FF8A-450A-9721-90FD467CBCF4}.Release|Any CPU.Build.0 = Release|Any CPU
		{E6EE8A43-2B05-44A6-8FFC-091BFD198D69}.Debug|Any CPU.ActiveCfg = Debug|Any CPU
		{E6EE8A43-2B05-44A6-8FFC-091BFD198D69}.Debug|Any CPU.Build.0 = Debug|Any CPU
		{E6EE8A43-2B05-44A6-8FFC-091BFD198D69}.Release|Any CPU.ActiveCfg = Release|Any CPU
		{E6EE8A43-2B05-44A6-8FFC-091BFD198D69}.Release|Any CPU.Build.0 = Release|Any CPU
		{9455C753-95CE-4A03-80FD-4D2C69C9F330}.Debug|Any CPU.ActiveCfg = Debug|Any CPU
		{9455C753-95CE-4A03-80FD-4D2C69C9F330}.Debug|Any CPU.Build.0 = Debug|Any CPU
		{9455C753-95CE-4A03-80FD-4D2C69C9F330}.Release|Any CPU.ActiveCfg = Release|Any CPU
		{9455C753-95CE-4A03-80FD-4D2C69C9F330}.Release|Any CPU.Build.0 = Release|Any CPU
		{4BC4FFA9-A8FE-48CD-92E9-080D5B321BD0}.Debug|Any CPU.ActiveCfg = Debug|Any CPU
		{4BC4FFA9-A8FE-48CD-92E9-080D5B321BD0}.Debug|Any CPU.Build.0 = Debug|Any CPU
		{4BC4FFA9-A8FE-48CD-92E9-080D5B321BD0}.Release|Any CPU.ActiveCfg = Release|Any CPU
		{4BC4FFA9-A8FE-48CD-92E9-080D5B321BD0}.Release|Any CPU.Build.0 = Release|Any CPU
	EndGlobalSection
	GlobalSection(SolutionProperties) = preSolution
		HideSolutionNode = FALSE
	EndGlobalSection
	GlobalSection(ExtensibilityGlobals) = postSolution
		SolutionGuid = {4A0220CD-FC95-4727-8283-A328765F2D5E}
	EndGlobalSection
EndGlobal
