
Microsoft Visual Studio Solution File, Format Version 12.00
# Visual Studio Version 17
VisualStudioVersion = 17.11.35208.52
MinimumVisualStudioVersion = 10.0.40219.1
Project("{9A19103F-16F7-4668-BE54-9A1E7A4F7556}") = "Ex03.GarageLogic", "Ex03.GarageLogic\Ex03.GarageLogic.csproj", "{D26DC26D-6BED-4810-843E-C60EF70590E7}"
EndProject
Project("{9A19103F-16F7-4668-BE54-9A1E7A4F7556}") = "Ex03.ConsoleUI", "Ex03.ConsoleUI\Ex03.ConsoleUI.csproj", "{DF44DC7A-6C2C-4DD6-8B4D-D90865E758F9}"
EndProject
Global
	GlobalSection(SolutionConfigurationPlatforms) = preSolution
		Debug|Any CPU = Debug|Any CPU
		Release|Any CPU = Release|Any CPU
	EndGlobalSection
	GlobalSection(ProjectConfigurationPlatforms) = postSolution
		{D26DC26D-6BED-4810-843E-C60EF70590E7}.Debug|Any CPU.ActiveCfg = Debug|Any CPU
		{D26DC26D-6BED-4810-843E-C60EF70590E7}.Debug|Any CPU.Build.0 = Debug|Any CPU
		{D26DC26D-6BED-4810-843E-C60EF70590E7}.Release|Any CPU.ActiveCfg = Release|Any CPU
		{D26DC26D-6BED-4810-843E-C60EF70590E7}.Release|Any CPU.Build.0 = Release|Any CPU
		{DF44DC7A-6C2C-4DD6-8B4D-D90865E758F9}.Debug|Any CPU.ActiveCfg = Debug|Any CPU
		{DF44DC7A-6C2C-4DD6-8B4D-D90865E758F9}.Debug|Any CPU.Build.0 = Debug|Any CPU
		{DF44DC7A-6C2C-4DD6-8B4D-D90865E758F9}.Release|Any CPU.ActiveCfg = Release|Any CPU
		{DF44DC7A-6C2C-4DD6-8B4D-D90865E758F9}.Release|Any CPU.Build.0 = Release|Any CPU
	EndGlobalSection
	GlobalSection(SolutionProperties) = preSolution
		HideSolutionNode = FALSE
	EndGlobalSection
	GlobalSection(ExtensibilityGlobals) = postSolution
		SolutionGuid = {064E76C0-ECA6-479F-858A-B479567FC5A2}
	EndGlobalSection
EndGlobal
